// !$*UTF8*$!
{
	archiveVersion = 1;
	classes = {
	};
	objectVersion = 56;
	objects = {

/* Begin PBXBuildFile section */
		C45A6C002B1CD42500467E31 /* BigRedBookApp.swift in Sources */ = {isa = PBXBuildFile; fileRef = C45A6BFF2B1CD42500467E31 /* BigRedBookApp.swift */; };
		C45A6C022B1CD42500467E31 /* ContentView.swift in Sources */ = {isa = PBXBuildFile; fileRef = C45A6C012B1CD42500467E31 /* ContentView.swift */; };
		C45A6C062B1CD42600467E31 /* Assets.xcassets in Resources */ = {isa = PBXBuildFile; fileRef = C45A6C052B1CD42600467E31 /* Assets.xcassets */; };
		C45A6C092B1CD42600467E31 /* Preview Assets.xcassets in Resources */ = {isa = PBXBuildFile; fileRef = C45A6C082B1CD42600467E31 /* Preview Assets.xcassets */; };
		C45A6C102B1CD48100467E31 /* RecommendView.swift in Sources */ = {isa = PBXBuildFile; fileRef = C45A6C0F2B1CD48100467E31 /* RecommendView.swift */; };
		C45A6C122B1CD48700467E31 /* PublishView.swift in Sources */ = {isa = PBXBuildFile; fileRef = C45A6C112B1CD48700467E31 /* PublishView.swift */; };
		C45A6C142B1CD48E00467E31 /* ImagePicker.swift in Sources */ = {isa = PBXBuildFile; fileRef = C45A6C132B1CD48E00467E31 /* ImagePicker.swift */; };
		C45A6C162B1CD49700467E31 /* CardView.swift in Sources */ = {isa = PBXBuildFile; fileRef = C45A6C152B1CD49700467E31 /* CardView.swift */; };
		C45A6C182B1CD6E600467E31 /* ProfileView.swift in Sources */ = {isa = PBXBuildFile; fileRef = C45A6C172B1CD6E600467E31 /* ProfileView.swift */; };
/* End PBXBuildFile section */

/* Begin PBXFileReference section */
		C45A6BFC2B1CD42500467E31 /* BigRedBook.app */ = {isa = PBXFileReference; explicitFileType = wrapper.application; includeInIndex = 0; path = BigRedBook.app; sourceTree = BUILT_PRODUCTS_DIR; };
		C45A6BFF2B1CD42500467E31 /* BigRedBookApp.swift */ = {isa = PBXFileReference; lastKnownFileType = sourcecode.swift; path = BigRedBookApp.swift; sourceTree = "<group>"; };
		C45A6C012B1CD42500467E31 /* ContentView.swift */ = {isa = PBXFileReference; lastKnownFileType = sourcecode.swift; path = ContentView.swift; sourceTree = "<group>"; };
		C45A6C052B1CD42600467E31 /* Assets.xcassets */ = {isa = PBXFileReference; lastKnownFileType = folder.assetcatalog; path = Assets.xcassets; sourceTree = "<group>"; };
		C45A6C082B1CD42600467E31 /* Preview Assets.xcassets */ = {isa = PBXFileReference; lastKnownFileType = folder.assetcatalog; path = "Preview Assets.xcassets"; sourceTree = "<group>"; };
		C45A6C0F2B1CD48100467E31 /* RecommendView.swift */ = {isa = PBXFileReference; fileEncoding = 4; lastKnownFileType = sourcecode.swift; path = RecommendView.swift; sourceTree = "<group>"; };
		C45A6C112B1CD48700467E31 /* PublishView.swift */ = {isa = PBXFileReference; fileEncoding = 4; lastKnownFileType = sourcecode.swift; path = PublishView.swift; sourceTree = "<group>"; };
		C45A6C132B1CD48E00467E31 /* ImagePicker.swift */ = {isa = PBXFileReference; fileEncoding = 4; lastKnownFileType = sourcecode.swift; path = ImagePicker.swift; sourceTree = "<group>"; };
		C45A6C152B1CD49700467E31 /* CardView.swift */ = {isa = PBXFileReference; fileEncoding = 4; lastKnownFileType = sourcecode.swift; path = CardView.swift; sourceTree = "<group>"; };
		C45A6C172B1CD6E600467E31 /* ProfileView.swift */ = {isa = PBXFileReference; lastKnownFileType = sourcecode.swift; path = ProfileView.swift; sourceTree = "<group>"; };
/* End PBXFileReference section */

/* Begin PBXFrameworksBuildPhase section */
		C45A6BF92B1CD42500467E31 /* Frameworks */ = {
			isa = PBXFrameworksBuildPhase;
			buildActionMask = 2147483647;
			files = (
			);
			runOnlyForDeploymentPostprocessing = 0;
		};
/* End PBXFrameworksBuildPhase section */

/* Begin PBXGroup section */
		C45A6BF32B1CD42500467E31 = {
			isa = PBXGroup;
			children = (
				C45A6BFE2B1CD42500467E31 /* BigRedBook */,
				C45A6BFD2B1CD42500467E31 /* Products */,
			);
			sourceTree = "<group>";
		};
		C45A6BFD2B1CD42500467E31 /* Products */ = {
			isa = PBXGroup;
			children = (
				C45A6BFC2B1CD42500467E31 /* BigRedBook.app */,
			);
			name = Products;
			sourceTree = "<group>";
		};
		C45A6BFE2B1CD42500467E31 /* BigRedBook */ = {
			isa = PBXGroup;
			children = (
				C45A6BFF2B1CD42500467E31 /* BigRedBookApp.swift */,
				C45A6C0F2B1CD48100467E31 /* RecommendView.swift */,
				C45A6C132B1CD48E00467E31 /* ImagePicker.swift */,
				C45A6C152B1CD49700467E31 /* CardView.swift */,
				C45A6C112B1CD48700467E31 /* PublishView.swift */,
				C45A6C012B1CD42500467E31 /* ContentView.swift */,
				C45A6C052B1CD42600467E31 /* Assets.xcassets */,
				C45A6C072B1CD42600467E31 /* Preview Content */,
				C45A6C172B1CD6E600467E31 /* ProfileView.swift */,
			);
			path = BigRedBook;
			sourceTree = "<group>";
		};
		C45A6C072B1CD42600467E31 /* Preview Content */ = {
			isa = PBXGroup;
			children = (
				C45A6C082B1CD42600467E31 /* Preview Assets.xcassets */,
			);
			path = "Preview Content";
			sourceTree = "<group>";
		};
/* End PBXGroup section */

/* Begin PBXNativeTarget section */
		C45A6BFB2B1CD42500467E31 /* BigRedBook */ = {
			isa = PBXNativeTarget;
			buildConfigurationList = C45A6C0C2B1CD42600467E31 /* Build configuration list for PBXNativeTarget "BigRedBook" */;
			buildPhases = (
				C45A6BF82B1CD42500467E31 /* Sources */,
				C45A6BF92B1CD42500467E31 /* Frameworks */,
				C45A6BFA2B1CD42500467E31 /* Resources */,
			);
			buildRules = (
			);
			dependencies = (
			);
			name = BigRedBook;
			productName = BigRedBook;
			productReference = C45A6BFC2B1CD42500467E31 /* BigRedBook.app */;
			productType = "com.apple.product-type.application";
		};
/* End PBXNativeTarget section */

/* Begin PBXProject section */
		C45A6BF42B1CD42500467E31 /* Project object */ = {
			isa = PBXProject;
			attributes = {
				BuildIndependentTargetsInParallel = 1;
				LastSwiftUpdateCheck = 1500;
				LastUpgradeCheck = 1500;
				TargetAttributes = {
					C45A6BFB2B1CD42500467E31 = {
						CreatedOnToolsVersion = 15.0;
					};
				};
			};
			buildConfigurationList = C45A6BF72B1CD42500467E31 /* Build configuration list for PBXProject "BigRedBook" */;
			compatibilityVersion = "Xcode 14.0";
			developmentRegion = en;
			hasScannedForEncodings = 0;
			knownRegions = (
				en,
				Base,
			);
			mainGroup = C45A6BF32B1CD42500467E31;
			productRefGroup = C45A6BFD2B1CD42500467E31 /* Products */;
			projectDirPath = "";
			projectRoot = "";
			targets = (
				C45A6BFB2B1CD42500467E31 /* BigRedBook */,
			);
		};
/* End PBXProject section */

/* Begin PBXResourcesBuildPhase section */
		C45A6BFA2B1CD42500467E31 /* Resources */ = {
			isa = PBXResourcesBuildPhase;
			buildActionMask = 2147483647;
			files = (
				C45A6C092B1CD42600467E31 /* Preview Assets.xcassets in Resources */,
				C45A6C062B1CD42600467E31 /* Assets.xcassets in Resources */,
			);
			runOnlyForDeploymentPostprocessing = 0;
		};
/* End PBXResourcesBuildPhase section */

/* Begin PBXSourcesBuildPhase section */
		C45A6BF82B1CD42500467E31 /* Sources */ = {
			isa = PBXSourcesBuildPhase;
			buildActionMask = 2147483647;
			files = (
				C45A6C022B1CD42500467E31 /* ContentView.swift in Sources */,
				C45A6C102B1CD48100467E31 /* RecommendView.swift in Sources */,
				C45A6C142B1CD48E00467E31 /* ImagePicker.swift in Sources */,
				C45A6C122B1CD48700467E31 /* PublishView.swift in Sources */,
				C45A6C162B1CD49700467E31 /* CardView.swift in Sources */,
				C45A6C182B1CD6E600467E31 /* ProfileView.swift in Sources */,
				C45A6C002B1CD42500467E31 /* BigRedBookApp.swift in Sources */,
			);
			runOnlyForDeploymentPostprocessing = 0;
		};
/* End PBXSourcesBuildPhase section */

/* Begin XCBuildConfiguration section */
		C45A6C0A2B1CD42600467E31 /* Debug */ = {
			isa = XCBuildConfiguration;
			buildSettings = {
				ALWAYS_SEARCH_USER_PATHS = NO;
				ASSETCATALOG_COMPILER_GENERATE_SWIFT_ASSET_SYMBOL_EXTENSIONS = YES;
				CLANG_ANALYZER_NONNULL = YES;
				CLANG_ANALYZER_NUMBER_OBJECT_CONVERSION = YES_AGGRESSIVE;
				CLANG_CXX_LANGUAGE_STANDARD = "gnu++20";
				CLANG_ENABLE_MODULES = YES;
				CLANG_ENABLE_OBJC_ARC = YES;
				CLANG_ENABLE_OBJC_WEAK = YES;
				CLANG_WARN_BLOCK_CAPTURE_AUTORELEASING = YES;
				CLANG_WARN_BOOL_CONVERSION = YES;
				CLANG_WARN_COMMA = YES;
				CLANG_WARN_CONSTANT_CONVERSION = YES;
				CLANG_WARN_DEPRECATED_OBJC_IMPLEMENTATIONS = YES;
				CLANG_WARN_DIRECT_OBJC_ISA_USAGE = YES_ERROR;
				CLANG_WARN_DOCUMENTATION_COMMENTS = YES;
				CLANG_WARN_EMPTY_BODY = YES;
				CLANG_WARN_ENUM_CONVERSION = YES;
				CLANG_WARN_INFINITE_RECURSION = YES;
				CLANG_WARN_INT_CONVERSION = YES;
				CLANG_WARN_NON_LITERAL_NULL_CONVERSION = YES;
				CLANG_WARN_OBJC_IMPLICIT_RETAIN_SELF = YES;
				CLANG_WARN_OBJC_LITERAL_CONVERSION = YES;
				CLANG_WARN_OBJC_ROOT_CLASS = YES_ERROR;
				CLANG_WARN_QUOTED_INCLUDE_IN_FRAMEWORK_HEADER = YES;
				CLANG_WARN_RANGE_LOOP_ANALYSIS = YES;
				CLANG_WARN_STRICT_PROTOTYPES = YES;
				CLANG_WARN_SUSPICIOUS_MOVE = YES;
				CLANG_WARN_UNGUARDED_AVAILABILITY = YES_AGGRESSIVE;
				CLANG_WARN_UNREACHABLE_CODE = YES;
				CLANG_WARN__DUPLICATE_METHOD_MATCH = YES;
				COPY_PHASE_STRIP = NO;
				DEBUG_INFORMATION_FORMAT = dwarf;
				ENABLE_STRICT_OBJC_MSGSEND = YES;
				ENABLE_TESTABILITY = YES;
				ENABLE_USER_SCRIPT_SANDBOXING = YES;
				GCC_C_LANGUAGE_STANDARD = gnu17;
				GCC_DYNAMIC_NO_PIC = NO;
				GCC_NO_COMMON_BLOCKS = YES;
				GCC_OPTIMIZATION_LEVEL = 0;
				GCC_PREPROCESSOR_DEFINITIONS = (
					"DEBUG=1",
					"$(inherited)",
				);
				GCC_WARN_64_TO_32_BIT_CONVERSION = YES;
				GCC_WARN_ABOUT_RETURN_TYPE = YES_ERROR;
				GCC_WARN_UNDECLARED_SELECTOR = YES;
				GCC_WARN_UNINITIALIZED_AUTOS = YES_AGGRESSIVE;
				GCC_WARN_UNUSED_FUNCTION = YES;
				GCC_WARN_UNUSED_VARIABLE = YES;
				IPHONEOS_DEPLOYMENT_TARGET = 17.0;
				LOCALIZATION_PREFERS_STRING_CATALOGS = YES;
				MTL_ENABLE_DEBUG_INFO = INCLUDE_SOURCE;
				MTL_FAST_MATH = YES;
				ONLY_ACTIVE_ARCH = YES;
				SDKROOT = iphoneos;
				SWIFT_ACTIVE_COMPILATION_CONDITIONS = "DEBUG $(inherited)";
				SWIFT_OPTIMIZATION_LEVEL = "-Onone";
			};
			name = Debug;
		};
		C45A6C0B2B1CD42600467E31 /* Release */ = {
			isa = XCBuildConfiguration;
			buildSettings = {
				ALWAYS_SEARCH_USER_PATHS = NO;
				ASSETCATALOG_COMPILER_GENERATE_SWIFT_ASSET_SYMBOL_EXTENSIONS = YES;
				CLANG_ANALYZER_NONNULL = YES;
				CLANG_ANALYZER_NUMBER_OBJECT_CONVERSION = YES_AGGRESSIVE;
				CLANG_CXX_LANGUAGE_STANDARD = "gnu++20";
				CLANG_ENABLE_MODULES = YES;
				CLANG_ENABLE_OBJC_ARC = YES;
				CLANG_ENABLE_OBJC_WEAK = YES;
				CLANG_WARN_BLOCK_CAPTURE_AUTORELEASING = YES;
				CLANG_WARN_BOOL_CONVERSION = YES;
				CLANG_WARN_COMMA = YES;
				CLANG_WARN_CONSTANT_CONVERSION = YES;
				CLANG_WARN_DEPRECATED_OBJC_IMPLEMENTATIONS = YES;
				CLANG_WARN_DIRECT_OBJC_ISA_USAGE = YES_ERROR;
				CLANG_WARN_DOCUMENTATION_COMMENTS = YES;
				CLANG_WARN_EMPTY_BODY = YES;
				CLANG_WARN_ENUM_CONVERSION = YES;
				CLANG_WARN_INFINITE_RECURSION = YES;
				CLANG_WARN_INT_CONVERSION = YES;
				CLANG_WARN_NON_LITERAL_NULL_CONVERSION = YES;
				CLANG_WARN_OBJC_IMPLICIT_RETAIN_SELF = YES;
				CLANG_WARN_OBJC_LITERAL_CONVERSION = YES;
				CLANG_WARN_OBJC_ROOT_CLASS = YES_ERROR;
				CLANG_WARN_QUOTED_INCLUDE_IN_FRAMEWORK_HEADER = YES;
				CLANG_WARN_RANGE_LOOP_ANALYSIS = YES;
				CLANG_WARN_STRICT_PROTOTYPES = YES;
				CLANG_WARN_SUSPICIOUS_MOVE = YES;
				CLANG_WARN_UNGUARDED_AVAILABILITY = YES_AGGRESSIVE;
				CLANG_WARN_UNREACHABLE_CODE = YES;
				CLANG_WARN__DUPLICATE_METHOD_MATCH = YES;
				COPY_PHASE_STRIP = NO;
				DEBUG_INFORMATION_FORMAT = "dwarf-with-dsym";
				ENABLE_NS_ASSERTIONS = NO;
				ENABLE_STRICT_OBJC_MSGSEND = YES;
				ENABLE_USER_SCRIPT_SANDBOXING = YES;
				GCC_C_LANGUAGE_STANDARD = gnu17;
				GCC_NO_COMMON_BLOCKS = YES;
				GCC_WARN_64_TO_32_BIT_CONVERSION = YES;
				GCC_WARN_ABOUT_RETURN_TYPE = YES_ERROR;
				GCC_WARN_UNDECLARED_SELECTOR = YES;
				GCC_WARN_UNINITIALIZED_AUTOS = YES_AGGRESSIVE;
				GCC_WARN_UNUSED_FUNCTION = YES;
				GCC_WARN_UNUSED_VARIABLE = YES;
				IPHONEOS_DEPLOYMENT_TARGET = 17.0;
				LOCALIZATION_PREFERS_STRING_CATALOGS = YES;
				MTL_ENABLE_DEBUG_INFO = NO;
				MTL_FAST_MATH = YES;
				SDKROOT = iphoneos;
				SWIFT_COMPILATION_MODE = wholemodule;
				VALIDATE_PRODUCT = YES;
			};
			name = Release;
		};
		C45A6C0D2B1CD42600467E31 /* Debug */ = {
			isa = XCBuildConfiguration;
			buildSettings = {
				ASSETCATALOG_COMPILER_APPICON_NAME = AppIcon;
				ASSETCATALOG_COMPILER_GLOBAL_ACCENT_COLOR_NAME = AccentColor;
				CODE_SIGN_STYLE = Automatic;
				CURRENT_PROJECT_VERSION = 1;
				DEVELOPMENT_ASSET_PATHS = "\"BigRedBook/Preview Content\"";
				DEVELOPMENT_TEAM = Y344Y3N8GR;
				ENABLE_PREVIEWS = YES;
				GENERATE_INFOPLIST_FILE = YES;
				INFOPLIST_KEY_UIApplicationSceneManifest_Generation = YES;
				INFOPLIST_KEY_UIApplicationSupportsIndirectInputEvents = YES;
				INFOPLIST_KEY_UILaunchScreen_Generation = YES;
				INFOPLIST_KEY_UISupportedInterfaceOrientations_iPad = "UIInterfaceOrientationPortrait UIInterfaceOrientationPortraitUpsideDown UIInterfaceOrientationLandscapeLeft UIInterfaceOrientationLandscapeRight";
				INFOPLIST_KEY_UISupportedInterfaceOrientations_iPhone = "UIInterfaceOrientationPortrait UIInterfaceOrientationLandscapeLeft UIInterfaceOrientationLandscapeRight";
				LD_RUNPATH_SEARCH_PATHS = (
					"$(inherited)",
					"@executable_path/Frameworks",
				);
				MARKETING_VERSION = 1.0;
				PRODUCT_BUNDLE_IDENTIFIER = jerrywang.BigRedBook;
				PRODUCT_NAME = "$(TARGET_NAME)";
				SWIFT_EMIT_LOC_STRINGS = YES;
				SWIFT_VERSION = 5.0;
				TARGETED_DEVICE_FAMILY = "1,2";
			};
			name = Debug;
		};
		C45A6C0E2B1CD42600467E31 /* Release */ = {
			isa = XCBuildConfiguration;
			buildSettings = {
				ASSETCATALOG_COMPILER_APPICON_NAME = AppIcon;
				ASSETCATALOG_COMPILER_GLOBAL_ACCENT_COLOR_NAME = AccentColor;
				CODE_SIGN_STYLE = Automatic;
				CURRENT_PROJECT_VERSION = 1;
				DEVELOPMENT_ASSET_PATHS = "\"BigRedBook/Preview Content\"";
				DEVELOPMENT_TEAM = Y344Y3N8GR;
				ENABLE_PREVIEWS = YES;
				GENERATE_INFOPLIST_FILE = YES;
				INFOPLIST_KEY_UIApplicationSceneManifest_Generation = YES;
				INFOPLIST_KEY_UIApplicationSupportsIndirectInputEvents = YES;
				INFOPLIST_KEY_UILaunchScreen_Generation = YES;
				INFOPLIST_KEY_UISupportedInterfaceOrientations_iPad = "UIInterfaceOrientationPortrait UIInterfaceOrientationPortraitUpsideDown UIInterfaceOrientationLandscapeLeft UIInterfaceOrientationLandscapeRight";
				INFOPLIST_KEY_UISupportedInterfaceOrientations_iPhone = "UIInterfaceOrientationPortrait UIInterfaceOrientationLandscapeLeft UIInterfaceOrientationLandscapeRight";
				LD_RUNPATH_SEARCH_PATHS = (
					"$(inherited)",
					"@executable_path/Frameworks",
				);
				MARKETING_VERSION = 1.0;
				PRODUCT_BUNDLE_IDENTIFIER = jerrywang.BigRedBook;
				PRODUCT_NAME = "$(TARGET_NAME)";
				SWIFT_EMIT_LOC_STRINGS = YES;
				SWIFT_VERSION = 5.0;
				TARGETED_DEVICE_FAMILY = "1,2";
			};
			name = Release;
		};
/* End XCBuildConfiguration section */

/* Begin XCConfigurationList section */
		C45A6BF72B1CD42500467E31 /* Build configuration list for PBXProject "BigRedBook" */ = {
			isa = XCConfigurationList;
			buildConfigurations = (
				C45A6C0A2B1CD42600467E31 /* Debug */,
				C45A6C0B2B1CD42600467E31 /* Release */,
			);
			defaultConfigurationIsVisible = 0;
			defaultConfigurationName = Release;
		};
		C45A6C0C2B1CD42600467E31 /* Build configuration list for PBXNativeTarget "BigRedBook" */ = {
			isa = XCConfigurationList;
			buildConfigurations = (
				C45A6C0D2B1CD42600467E31 /* Debug */,
				C45A6C0E2B1CD42600467E31 /* Release */,
			);
			defaultConfigurationIsVisible = 0;
			defaultConfigurationName = Release;
		};
/* End XCConfigurationList section */
	};
	rootObject = C45A6BF42B1CD42500467E31 /* Project object */;
}
